
Microsoft Visual Studio Solution File, Format Version 12.00
# Visual Studio Version 17
VisualStudioVersion = 17.5.002.0
MinimumVisualStudioVersion = 10.0.40219.1
Project("{9A19103F-16F7-4668-BE54-9A1E7A4F7556}") = "BlazorApp", "BlazorApp.csproj", "{8C0AE2FC-F18E-4AD2-A5F5-A8C9821AC06F}"
EndProject
Global
	GlobalSection(SolutionConfigurationPlatforms) = preSolution
		Debug|Any CPU = Debug|Any CPU
		Release|Any CPU = Release|Any CPU
	EndGlobalSection
	GlobalSection(ProjectConfigurationPlatforms) = postSolution
		{8C0AE2FC-F18E-4AD2-A5F5-A8C9821AC06F}.Debug|Any CPU.ActiveCfg = Debug|Any CPU
		{8C0AE2FC-F18E-4AD2-A5F5-A8C9821AC06F}.Debug|Any CPU.Build.0 = Debug|Any CPU
		{8C0AE2FC-F18E-4AD2-A5F5-A8C9821AC06F}.Release|Any CPU.ActiveCfg = Release|Any CPU
		{8C0AE2FC-F18E-4AD2-A5F5-A8C9821AC06F}.Release|Any CPU.Build.0 = Release|Any CPU
	EndGlobalSection
	GlobalSection(SolutionProperties) = preSolution
		HideSolutionNode = FALSE
	EndGlobalSection
	GlobalSection(ExtensibilityGlobals) = postSolution
		SolutionGuid = {4E731F61-244B-4046-BE55-C45814CDC96C}
	EndGlobalSection
EndGlobal
